// !$*UTF8*$!
{
	archiveVersion = 1;
	classes = {
	};
	objectVersion = 56;
	objects = {

/* Begin PBXBuildFile section */
		719BEE3B2BE966B20075B264 /* CocktailsApp.swift in Sources */ = {isa = PBXBuildFile; fileRef = 719BEE3A2BE966B20075B264 /* CocktailsApp.swift */; };
		719BEE3D2BE966B20075B264 /* HomeView.swift in Sources */ = {isa = PBXBuildFile; fileRef = 719BEE3C2BE966B20075B264 /* HomeView.swift */; };
		719BEE3F2BE966B40075B264 /* Assets.xcassets in Resources */ = {isa = PBXBuildFile; fileRef = 719BEE3E2BE966B40075B264 /* Assets.xcassets */; };
		719BEE422BE966B40075B264 /* Preview Assets.xcassets in Resources */ = {isa = PBXBuildFile; fileRef = 719BEE412BE966B40075B264 /* Preview Assets.xcassets */; };
		719BEE4C2BE966B40075B264 /* CocktailsTests.swift in Sources */ = {isa = PBXBuildFile; fileRef = 719BEE4B2BE966B40075B264 /* CocktailsTests.swift */; };
		719BEE562BE966B40075B264 /* CocktailsUITests.swift in Sources */ = {isa = PBXBuildFile; fileRef = 719BEE552BE966B40075B264 /* CocktailsUITests.swift */; };
		719BEE582BE966B40075B264 /* CocktailsUITestsLaunchTests.swift in Sources */ = {isa = PBXBuildFile; fileRef = 719BEE572BE966B40075B264 /* CocktailsUITestsLaunchTests.swift */; };
		719BEE692BE967640075B264 /* Localizable.strings in Resources */ = {isa = PBXBuildFile; fileRef = 719BEE6B2BE967640075B264 /* Localizable.strings */; };
		719BEE6E2BE967970075B264 /* HomeViewModel.swift in Sources */ = {isa = PBXBuildFile; fileRef = 719BEE6D2BE967970075B264 /* HomeViewModel.swift */; };
		719BEE722BE968530075B264 /* CocktailView.swift in Sources */ = {isa = PBXBuildFile; fileRef = 719BEE712BE968530075B264 /* CocktailView.swift */; };
		719BEE742BE9685A0075B264 /* CocktailViewModel.swift in Sources */ = {isa = PBXBuildFile; fileRef = 719BEE732BE9685A0075B264 /* CocktailViewModel.swift */; };
		719BEE772BE969F00075B264 /* Kingfisher in Frameworks */ = {isa = PBXBuildFile; productRef = 719BEE762BE969F00075B264 /* Kingfisher */; };
		719BEE7D2BE97E700075B264 /* APIClient.swift in Sources */ = {isa = PBXBuildFile; fileRef = 719BEE7C2BE97E700075B264 /* APIClient.swift */; };
		719BEE802BE97E920075B264 /* Alamofire in Frameworks */ = {isa = PBXBuildFile; productRef = 719BEE7F2BE97E920075B264 /* Alamofire */; };
		719BEE822BE97E9F0075B264 /* APIRequest.swift in Sources */ = {isa = PBXBuildFile; fileRef = 719BEE812BE97E9F0075B264 /* APIRequest.swift */; };
		719BEE842BE97FD40075B264 /* AuthenticationType.swift in Sources */ = {isa = PBXBuildFile; fileRef = 719BEE832BE97FD40075B264 /* AuthenticationType.swift */; };
		719BEE862BE97FEA0075B264 /* ContentType.swift in Sources */ = {isa = PBXBuildFile; fileRef = 719BEE852BE97FEA0075B264 /* ContentType.swift */; };
		719BEE882BE97FF90075B264 /* Endpoint.swift in Sources */ = {isa = PBXBuildFile; fileRef = 719BEE872BE97FF90075B264 /* Endpoint.swift */; };
		719BEE8A2BE980040075B264 /* NetworkConstants.swift in Sources */ = {isa = PBXBuildFile; fileRef = 719BEE892BE980040075B264 /* NetworkConstants.swift */; };
		719BEE8C2BE981FF0075B264 /* Model.swift in Sources */ = {isa = PBXBuildFile; fileRef = 719BEE8B2BE981FF0075B264 /* Model.swift */; };
		719BEE8E2BE9820B0075B264 /* Response.swift in Sources */ = {isa = PBXBuildFile; fileRef = 719BEE8D2BE9820B0075B264 /* Response.swift */; };
		719BEE902BE982200075B264 /* Drink.swift in Sources */ = {isa = PBXBuildFile; fileRef = 719BEE8F2BE982200075B264 /* Drink.swift */; };
		719BEE922BE984050075B264 /* CocktailService.swift in Sources */ = {isa = PBXBuildFile; fileRef = 719BEE912BE984050075B264 /* CocktailService.swift */; };
		719BEE952BE9846B0075B264 /* SearchCocktailsRequest.swift in Sources */ = {isa = PBXBuildFile; fileRef = 719BEE942BE9846B0075B264 /* SearchCocktailsRequest.swift */; };
		719BEE982BE986890075B264 /* APIError.swift in Sources */ = {isa = PBXBuildFile; fileRef = 719BEE972BE986890075B264 /* APIError.swift */; };
		719BEE9D2BE9874F0075B264 /* URL+.swift in Sources */ = {isa = PBXBuildFile; fileRef = 719BEE9C2BE9874F0075B264 /* URL+.swift */; };
		719BEE9F2BE987550075B264 /* Encodable+.swift in Sources */ = {isa = PBXBuildFile; fileRef = 719BEE9E2BE987550075B264 /* Encodable+.swift */; };
		719BEEA22BE989760075B264 /* CombineExt in Frameworks */ = {isa = PBXBuildFile; productRef = 719BEEA12BE989760075B264 /* CombineExt */; };
		719BEEA52BE98D0C0075B264 /* Color+.swift in Sources */ = {isa = PBXBuildFile; fileRef = 719BEEA42BE98D0C0075B264 /* Color+.swift */; };
		719BEEA82BE9925A0075B264 /* SearchBarView.swift in Sources */ = {isa = PBXBuildFile; fileRef = 719BEEA72BE9925A0075B264 /* SearchBarView.swift */; };
		719BEEAA2BE992DB0075B264 /* Assets.swift in Sources */ = {isa = PBXBuildFile; fileRef = 719BEEA92BE992DB0075B264 /* Assets.swift */; };
		719BEEAD2BEA09430075B264 /* CocktailDetailsView.swift in Sources */ = {isa = PBXBuildFile; fileRef = 719BEEAC2BEA09430075B264 /* CocktailDetailsView.swift */; };
		719BEEAF2BEA094A0075B264 /* CocktailDetailsViewModel.swift in Sources */ = {isa = PBXBuildFile; fileRef = 719BEEAE2BEA094A0075B264 /* CocktailDetailsViewModel.swift */; };
		719BEEB12BEA097A0075B264 /* CocktailDetailsContext.swift in Sources */ = {isa = PBXBuildFile; fileRef = 719BEEB02BEA097A0075B264 /* CocktailDetailsContext.swift */; };
		719BEEB32BEA0A980075B264 /* Decodable+.swift in Sources */ = {isa = PBXBuildFile; fileRef = 719BEEB22BEA0A980075B264 /* Decodable+.swift */; };
		719BEEB52BEA0BBD0075B264 /* DateFormatter+.swift in Sources */ = {isa = PBXBuildFile; fileRef = 719BEEB42BEA0BBD0075B264 /* DateFormatter+.swift */; };
		719BEEB72BEA0D440075B264 /* Date+.swift in Sources */ = {isa = PBXBuildFile; fileRef = 719BEEB62BEA0D440075B264 /* Date+.swift */; };
		719BEEB92BEA0DE40075B264 /* String+Localization.swift in Sources */ = {isa = PBXBuildFile; fileRef = 719BEEB82BEA0DE40075B264 /* String+Localization.swift */; };
		719BEEBC2BEA11EB0075B264 /* CocktailDetailsFetchType.swift in Sources */ = {isa = PBXBuildFile; fileRef = 719BEEBB2BEA11EB0075B264 /* CocktailDetailsFetchType.swift */; };
		719BEEBE2BEA16690075B264 /* GetCocktailDetailsRequest.swift in Sources */ = {isa = PBXBuildFile; fileRef = 719BEEBD2BEA16690075B264 /* GetCocktailDetailsRequest.swift */; };
		719BEEC12BEA18770075B264 /* IconTitleView.swift in Sources */ = {isa = PBXBuildFile; fileRef = 719BEEC02BEA18770075B264 /* IconTitleView.swift */; };
		719BEEC32BEA187B0075B264 /* IconTitleViewModel.swift in Sources */ = {isa = PBXBuildFile; fileRef = 719BEEC22BEA187B0075B264 /* IconTitleViewModel.swift */; };
		719BEEC52BEA4E0E0075B264 /* String+.swift in Sources */ = {isa = PBXBuildFile; fileRef = 719BEEC42BEA4E0E0075B264 /* String+.swift */; };
		719BEEC72BEA5A940075B264 /* Dictionary+.swift in Sources */ = {isa = PBXBuildFile; fileRef = 719BEEC62BEA5A940075B264 /* Dictionary+.swift */; };
		719BEEC92BEAC7D30075B264 /* GetRandomCocktailDetailsRequest.swift in Sources */ = {isa = PBXBuildFile; fileRef = 719BEEC82BEAC7D30075B264 /* GetRandomCocktailDetailsRequest.swift */; };
		719BEECE2BEAD7E10075B264 /* FiltersView.swift in Sources */ = {isa = PBXBuildFile; fileRef = 719BEECD2BEAD7E10075B264 /* FiltersView.swift */; };
		719BEED02BEB59640075B264 /* FiltersViewModel.swift in Sources */ = {isa = PBXBuildFile; fileRef = 719BEECF2BEB59640075B264 /* FiltersViewModel.swift */; };
		719BEED22BEB5D9A0075B264 /* AlcoholicFilter.swift in Sources */ = {isa = PBXBuildFile; fileRef = 719BEED12BEB5D9A0075B264 /* AlcoholicFilter.swift */; };
		719BEED42BEB5EEB0075B264 /* GetAlcoholicFiltersRequest.swift in Sources */ = {isa = PBXBuildFile; fileRef = 719BEED32BEB5EEB0075B264 /* GetAlcoholicFiltersRequest.swift */; };
		719BEED72BEB61F70075B264 /* FiltersCellType.swift in Sources */ = {isa = PBXBuildFile; fileRef = 719BEED62BEB61F70075B264 /* FiltersCellType.swift */; };
		719BEED92BEB61FE0075B264 /* FiltersSectionType.swift in Sources */ = {isa = PBXBuildFile; fileRef = 719BEED82BEB61FE0075B264 /* FiltersSectionType.swift */; };
		719BEEDB2BEB62020075B264 /* FiltersSection.swift in Sources */ = {isa = PBXBuildFile; fileRef = 719BEEDA2BEB62020075B264 /* FiltersSection.swift */; };
		719BEEDF2BEB62460075B264 /* FilterViewModel.swift in Sources */ = {isa = PBXBuildFile; fileRef = 719BEEDE2BEB62460075B264 /* FilterViewModel.swift */; };
		719BEEE12BEB62490075B264 /* FilterView.swift in Sources */ = {isa = PBXBuildFile; fileRef = 719BEEE02BEB62490075B264 /* FilterView.swift */; };
		719BEEE32BEB6E7E0075B264 /* CategoryFilter.swift in Sources */ = {isa = PBXBuildFile; fileRef = 719BEEE22BEB6E7E0075B264 /* CategoryFilter.swift */; };
		719BEEE52BEB6E830075B264 /* GlassFilter.swift in Sources */ = {isa = PBXBuildFile; fileRef = 719BEEE42BEB6E830075B264 /* GlassFilter.swift */; };
		719BEEE72BEB6F150075B264 /* GetCategoryFiltersRequest.swift in Sources */ = {isa = PBXBuildFile; fileRef = 719BEEE62BEB6F150075B264 /* GetCategoryFiltersRequest.swift */; };
		719BEEE92BEB6F1D0075B264 /* GetGlassFiltersRequest.swift in Sources */ = {isa = PBXBuildFile; fileRef = 719BEEE82BEB6F1D0075B264 /* GetGlassFiltersRequest.swift */; };
		719BEEEB2BEB79FF0075B264 /* Optional+.swift in Sources */ = {isa = PBXBuildFile; fileRef = 719BEEEA2BEB79FF0075B264 /* Optional+.swift */; };
		719BEEF12BECBBEC0075B264 /* LoadingView.swift in Sources */ = {isa = PBXBuildFile; fileRef = 719BEEF02BECBBEC0075B264 /* LoadingView.swift */; };
/* End PBXBuildFile section */

/* Begin PBXContainerItemProxy section */
		719BEE482BE966B40075B264 /* PBXContainerItemProxy */ = {
			isa = PBXContainerItemProxy;
			containerPortal = 719BEE2F2BE966B20075B264 /* Project object */;
			proxyType = 1;
			remoteGlobalIDString = 719BEE362BE966B20075B264;
			remoteInfo = Cocktails;
		};
		719BEE522BE966B40075B264 /* PBXContainerItemProxy */ = {
			isa = PBXContainerItemProxy;
			containerPortal = 719BEE2F2BE966B20075B264 /* Project object */;
			proxyType = 1;
			remoteGlobalIDString = 719BEE362BE966B20075B264;
			remoteInfo = Cocktails;
		};
/* End PBXContainerItemProxy section */

/* Begin PBXFileReference section */
		719BEE372BE966B20075B264 /* Cocktails.app */ = {isa = PBXFileReference; explicitFileType = wrapper.application; includeInIndex = 0; path = Cocktails.app; sourceTree = BUILT_PRODUCTS_DIR; };
		719BEE3A2BE966B20075B264 /* CocktailsApp.swift */ = {isa = PBXFileReference; lastKnownFileType = sourcecode.swift; path = CocktailsApp.swift; sourceTree = "<group>"; };
		719BEE3C2BE966B20075B264 /* HomeView.swift */ = {isa = PBXFileReference; lastKnownFileType = sourcecode.swift; path = HomeView.swift; sourceTree = "<group>"; };
		719BEE3E2BE966B40075B264 /* Assets.xcassets */ = {isa = PBXFileReference; lastKnownFileType = folder.assetcatalog; path = Assets.xcassets; sourceTree = "<group>"; };
		719BEE412BE966B40075B264 /* Preview Assets.xcassets */ = {isa = PBXFileReference; lastKnownFileType = folder.assetcatalog; path = "Preview Assets.xcassets"; sourceTree = "<group>"; };
		719BEE472BE966B40075B264 /* CocktailsTests.xctest */ = {isa = PBXFileReference; explicitFileType = wrapper.cfbundle; includeInIndex = 0; path = CocktailsTests.xctest; sourceTree = BUILT_PRODUCTS_DIR; };
		719BEE4B2BE966B40075B264 /* CocktailsTests.swift */ = {isa = PBXFileReference; lastKnownFileType = sourcecode.swift; path = CocktailsTests.swift; sourceTree = "<group>"; };
		719BEE512BE966B40075B264 /* CocktailsUITests.xctest */ = {isa = PBXFileReference; explicitFileType = wrapper.cfbundle; includeInIndex = 0; path = CocktailsUITests.xctest; sourceTree = BUILT_PRODUCTS_DIR; };
		719BEE552BE966B40075B264 /* CocktailsUITests.swift */ = {isa = PBXFileReference; lastKnownFileType = sourcecode.swift; path = CocktailsUITests.swift; sourceTree = "<group>"; };
		719BEE572BE966B40075B264 /* CocktailsUITestsLaunchTests.swift */ = {isa = PBXFileReference; lastKnownFileType = sourcecode.swift; path = CocktailsUITestsLaunchTests.swift; sourceTree = "<group>"; };
		719BEE6A2BE967640075B264 /* en */ = {isa = PBXFileReference; lastKnownFileType = text.plist.strings; name = en; path = en.lproj/Localizable.strings; sourceTree = "<group>"; };
		719BEE6D2BE967970075B264 /* HomeViewModel.swift */ = {isa = PBXFileReference; lastKnownFileType = sourcecode.swift; path = HomeViewModel.swift; sourceTree = "<group>"; };
		719BEE712BE968530075B264 /* CocktailView.swift */ = {isa = PBXFileReference; lastKnownFileType = sourcecode.swift; path = CocktailView.swift; sourceTree = "<group>"; };
		719BEE732BE9685A0075B264 /* CocktailViewModel.swift */ = {isa = PBXFileReference; lastKnownFileType = sourcecode.swift; path = CocktailViewModel.swift; sourceTree = "<group>"; };
		719BEE7C2BE97E700075B264 /* APIClient.swift */ = {isa = PBXFileReference; lastKnownFileType = sourcecode.swift; path = APIClient.swift; sourceTree = "<group>"; };
		719BEE812BE97E9F0075B264 /* APIRequest.swift */ = {isa = PBXFileReference; lastKnownFileType = sourcecode.swift; path = APIRequest.swift; sourceTree = "<group>"; };
		719BEE832BE97FD40075B264 /* AuthenticationType.swift */ = {isa = PBXFileReference; lastKnownFileType = sourcecode.swift; path = AuthenticationType.swift; sourceTree = "<group>"; };
		719BEE852BE97FEA0075B264 /* ContentType.swift */ = {isa = PBXFileReference; lastKnownFileType = sourcecode.swift; path = ContentType.swift; sourceTree = "<group>"; };
		719BEE872BE97FF90075B264 /* Endpoint.swift */ = {isa = PBXFileReference; lastKnownFileType = sourcecode.swift; path = Endpoint.swift; sourceTree = "<group>"; };
		719BEE892BE980040075B264 /* NetworkConstants.swift */ = {isa = PBXFileReference; lastKnownFileType = sourcecode.swift; path = NetworkConstants.swift; sourceTree = "<group>"; };
		719BEE8B2BE981FF0075B264 /* Model.swift */ = {isa = PBXFileReference; lastKnownFileType = sourcecode.swift; path = Model.swift; sourceTree = "<group>"; };
		719BEE8D2BE9820B0075B264 /* Response.swift */ = {isa = PBXFileReference; lastKnownFileType = sourcecode.swift; path = Response.swift; sourceTree = "<group>"; };
		719BEE8F2BE982200075B264 /* Drink.swift */ = {isa = PBXFileReference; lastKnownFileType = sourcecode.swift; path = Drink.swift; sourceTree = "<group>"; };
		719BEE912BE984050075B264 /* CocktailService.swift */ = {isa = PBXFileReference; lastKnownFileType = sourcecode.swift; path = CocktailService.swift; sourceTree = "<group>"; };
		719BEE942BE9846B0075B264 /* SearchCocktailsRequest.swift */ = {isa = PBXFileReference; lastKnownFileType = sourcecode.swift; path = SearchCocktailsRequest.swift; sourceTree = "<group>"; };
		719BEE972BE986890075B264 /* APIError.swift */ = {isa = PBXFileReference; lastKnownFileType = sourcecode.swift; path = APIError.swift; sourceTree = "<group>"; };
		719BEE9C2BE9874F0075B264 /* URL+.swift */ = {isa = PBXFileReference; lastKnownFileType = sourcecode.swift; path = "URL+.swift"; sourceTree = "<group>"; };
		719BEE9E2BE987550075B264 /* Encodable+.swift */ = {isa = PBXFileReference; lastKnownFileType = sourcecode.swift; path = "Encodable+.swift"; sourceTree = "<group>"; };
		719BEEA42BE98D0C0075B264 /* Color+.swift */ = {isa = PBXFileReference; lastKnownFileType = sourcecode.swift; path = "Color+.swift"; sourceTree = "<group>"; };
		719BEEA72BE9925A0075B264 /* SearchBarView.swift */ = {isa = PBXFileReference; lastKnownFileType = sourcecode.swift; path = SearchBarView.swift; sourceTree = "<group>"; };
		719BEEA92BE992DB0075B264 /* Assets.swift */ = {isa = PBXFileReference; lastKnownFileType = sourcecode.swift; path = Assets.swift; sourceTree = "<group>"; };
		719BEEAC2BEA09430075B264 /* CocktailDetailsView.swift */ = {isa = PBXFileReference; lastKnownFileType = sourcecode.swift; path = CocktailDetailsView.swift; sourceTree = "<group>"; };
		719BEEAE2BEA094A0075B264 /* CocktailDetailsViewModel.swift */ = {isa = PBXFileReference; lastKnownFileType = sourcecode.swift; path = CocktailDetailsViewModel.swift; sourceTree = "<group>"; };
		719BEEB02BEA097A0075B264 /* CocktailDetailsContext.swift */ = {isa = PBXFileReference; lastKnownFileType = sourcecode.swift; path = CocktailDetailsContext.swift; sourceTree = "<group>"; };
		719BEEB22BEA0A980075B264 /* Decodable+.swift */ = {isa = PBXFileReference; lastKnownFileType = sourcecode.swift; path = "Decodable+.swift"; sourceTree = "<group>"; };
		719BEEB42BEA0BBD0075B264 /* DateFormatter+.swift */ = {isa = PBXFileReference; lastKnownFileType = sourcecode.swift; path = "DateFormatter+.swift"; sourceTree = "<group>"; };
		719BEEB62BEA0D440075B264 /* Date+.swift */ = {isa = PBXFileReference; lastKnownFileType = sourcecode.swift; path = "Date+.swift"; sourceTree = "<group>"; };
		719BEEB82BEA0DE40075B264 /* String+Localization.swift */ = {isa = PBXFileReference; lastKnownFileType = sourcecode.swift; path = "String+Localization.swift"; sourceTree = "<group>"; };
		719BEEBB2BEA11EB0075B264 /* CocktailDetailsFetchType.swift */ = {isa = PBXFileReference; lastKnownFileType = sourcecode.swift; path = CocktailDetailsFetchType.swift; sourceTree = "<group>"; };
		719BEEBD2BEA16690075B264 /* GetCocktailDetailsRequest.swift */ = {isa = PBXFileReference; lastKnownFileType = sourcecode.swift; path = GetCocktailDetailsRequest.swift; sourceTree = "<group>"; };
		719BEEC02BEA18770075B264 /* IconTitleView.swift */ = {isa = PBXFileReference; lastKnownFileType = sourcecode.swift; path = IconTitleView.swift; sourceTree = "<group>"; };
		719BEEC22BEA187B0075B264 /* IconTitleViewModel.swift */ = {isa = PBXFileReference; lastKnownFileType = sourcecode.swift; path = IconTitleViewModel.swift; sourceTree = "<group>"; };
		719BEEC42BEA4E0E0075B264 /* String+.swift */ = {isa = PBXFileReference; lastKnownFileType = sourcecode.swift; path = "String+.swift"; sourceTree = "<group>"; };
		719BEEC62BEA5A940075B264 /* Dictionary+.swift */ = {isa = PBXFileReference; lastKnownFileType = sourcecode.swift; path = "Dictionary+.swift"; sourceTree = "<group>"; };
		719BEEC82BEAC7D30075B264 /* GetRandomCocktailDetailsRequest.swift */ = {isa = PBXFileReference; lastKnownFileType = sourcecode.swift; path = GetRandomCocktailDetailsRequest.swift; sourceTree = "<group>"; };
		719BEECD2BEAD7E10075B264 /* FiltersView.swift */ = {isa = PBXFileReference; lastKnownFileType = sourcecode.swift; path = FiltersView.swift; sourceTree = "<group>"; };
		719BEECF2BEB59640075B264 /* FiltersViewModel.swift */ = {isa = PBXFileReference; lastKnownFileType = sourcecode.swift; path = FiltersViewModel.swift; sourceTree = "<group>"; };
		719BEED12BEB5D9A0075B264 /* AlcoholicFilter.swift */ = {isa = PBXFileReference; lastKnownFileType = sourcecode.swift; path = AlcoholicFilter.swift; sourceTree = "<group>"; };
		719BEED32BEB5EEB0075B264 /* GetAlcoholicFiltersRequest.swift */ = {isa = PBXFileReference; lastKnownFileType = sourcecode.swift; path = GetAlcoholicFiltersRequest.swift; sourceTree = "<group>"; };
		719BEED62BEB61F70075B264 /* FiltersCellType.swift */ = {isa = PBXFileReference; lastKnownFileType = sourcecode.swift; path = FiltersCellType.swift; sourceTree = "<group>"; };
		719BEED82BEB61FE0075B264 /* FiltersSectionType.swift */ = {isa = PBXFileReference; lastKnownFileType = sourcecode.swift; path = FiltersSectionType.swift; sourceTree = "<group>"; };
		719BEEDA2BEB62020075B264 /* FiltersSection.swift */ = {isa = PBXFileReference; lastKnownFileType = sourcecode.swift; path = FiltersSection.swift; sourceTree = "<group>"; };
		719BEEDE2BEB62460075B264 /* FilterViewModel.swift */ = {isa = PBXFileReference; lastKnownFileType = sourcecode.swift; path = FilterViewModel.swift; sourceTree = "<group>"; };
		719BEEE02BEB62490075B264 /* FilterView.swift */ = {isa = PBXFileReference; lastKnownFileType = sourcecode.swift; path = FilterView.swift; sourceTree = "<group>"; };
		719BEEE22BEB6E7E0075B264 /* CategoryFilter.swift */ = {isa = PBXFileReference; lastKnownFileType = sourcecode.swift; path = CategoryFilter.swift; sourceTree = "<group>"; };
		719BEEE42BEB6E830075B264 /* GlassFilter.swift */ = {isa = PBXFileReference; lastKnownFileType = sourcecode.swift; path = GlassFilter.swift; sourceTree = "<group>"; };
		719BEEE62BEB6F150075B264 /* GetCategoryFiltersRequest.swift */ = {isa = PBXFileReference; lastKnownFileType = sourcecode.swift; path = GetCategoryFiltersRequest.swift; sourceTree = "<group>"; };
		719BEEE82BEB6F1D0075B264 /* GetGlassFiltersRequest.swift */ = {isa = PBXFileReference; lastKnownFileType = sourcecode.swift; path = GetGlassFiltersRequest.swift; sourceTree = "<group>"; };
		719BEEEA2BEB79FF0075B264 /* Optional+.swift */ = {isa = PBXFileReference; lastKnownFileType = sourcecode.swift; path = "Optional+.swift"; sourceTree = "<group>"; };
		719BEEF02BECBBEC0075B264 /* LoadingView.swift */ = {isa = PBXFileReference; lastKnownFileType = sourcecode.swift; path = LoadingView.swift; sourceTree = "<group>"; };
/* End PBXFileReference section */

/* Begin PBXFrameworksBuildPhase section */
		719BEE342BE966B20075B264 /* Frameworks */ = {
			isa = PBXFrameworksBuildPhase;
			buildActionMask = 2147483647;
			files = (
				719BEE772BE969F00075B264 /* Kingfisher in Frameworks */,
				719BEEA22BE989760075B264 /* CombineExt in Frameworks */,
				719BEE802BE97E920075B264 /* Alamofire in Frameworks */,
			);
			runOnlyForDeploymentPostprocessing = 0;
		};
		719BEE442BE966B40075B264 /* Frameworks */ = {
			isa = PBXFrameworksBuildPhase;
			buildActionMask = 2147483647;
			files = (
			);
			runOnlyForDeploymentPostprocessing = 0;
		};
		719BEE4E2BE966B40075B264 /* Frameworks */ = {
			isa = PBXFrameworksBuildPhase;
			buildActionMask = 2147483647;
			files = (
			);
			runOnlyForDeploymentPostprocessing = 0;
		};
/* End PBXFrameworksBuildPhase section */

/* Begin PBXGroup section */
		719BEE2E2BE966B20075B264 = {
			isa = PBXGroup;
			children = (
				719BEE392BE966B20075B264 /* Cocktails */,
				719BEE4A2BE966B40075B264 /* CocktailsTests */,
				719BEE542BE966B40075B264 /* CocktailsUITests */,
				719BEE382BE966B20075B264 /* Products */,
			);
			sourceTree = "<group>";
		};
		719BEE382BE966B20075B264 /* Products */ = {
			isa = PBXGroup;
			children = (
				719BEE372BE966B20075B264 /* Cocktails.app */,
				719BEE472BE966B40075B264 /* CocktailsTests.xctest */,
				719BEE512BE966B40075B264 /* CocktailsUITests.xctest */,
			);
			name = Products;
			sourceTree = "<group>";
		};
		719BEE392BE966B20075B264 /* Cocktails */ = {
			isa = PBXGroup;
			children = (
				719BEE782BE97E460075B264 /* API */,
				719BEE662BE967330075B264 /* Resources */,
				719BEE652BE9672E0075B264 /* Common */,
				719BEE642BE967280075B264 /* Modules */,
				719BEE3A2BE966B20075B264 /* CocktailsApp.swift */,
			);
			path = Cocktails;
			sourceTree = "<group>";
		};
		719BEE402BE966B40075B264 /* Preview Content */ = {
			isa = PBXGroup;
			children = (
				719BEE412BE966B40075B264 /* Preview Assets.xcassets */,
			);
			path = "Preview Content";
			sourceTree = "<group>";
		};
		719BEE4A2BE966B40075B264 /* CocktailsTests */ = {
			isa = PBXGroup;
			children = (
				719BEE4B2BE966B40075B264 /* CocktailsTests.swift */,
			);
			path = CocktailsTests;
			sourceTree = "<group>";
		};
		719BEE542BE966B40075B264 /* CocktailsUITests */ = {
			isa = PBXGroup;
			children = (
				719BEE552BE966B40075B264 /* CocktailsUITests.swift */,
				719BEE572BE966B40075B264 /* CocktailsUITestsLaunchTests.swift */,
			);
			path = CocktailsUITests;
			sourceTree = "<group>";
		};
		719BEE642BE967280075B264 /* Modules */ = {
			isa = PBXGroup;
			children = (
				719BEECA2BEAD7BC0075B264 /* Filters */,
				719BEEAB2BEA09330075B264 /* CocktailDetails */,
				719BEE6C2BE967880075B264 /* Home */,
			);
			path = Modules;
			sourceTree = "<group>";
		};
		719BEE652BE9672E0075B264 /* Common */ = {
			isa = PBXGroup;
			children = (
				719BEEEC2BECBBD10075B264 /* Views */,
				719BEE9A2BE987380075B264 /* Extensions */,
			);
			path = Common;
			sourceTree = "<group>";
		};
		719BEE662BE967330075B264 /* Resources */ = {
			isa = PBXGroup;
			children = (
				719BEE402BE966B40075B264 /* Preview Content */,
				719BEE3E2BE966B40075B264 /* Assets.xcassets */,
				719BEE6B2BE967640075B264 /* Localizable.strings */,
				719BEEA92BE992DB0075B264 /* Assets.swift */,
			);
			path = Resources;
			sourceTree = "<group>";
		};
		719BEE6C2BE967880075B264 /* Home */ = {
			isa = PBXGroup;
			children = (
				719BEE6F2BE968420075B264 /* Views */,
				719BEE3C2BE966B20075B264 /* HomeView.swift */,
				719BEE6D2BE967970075B264 /* HomeViewModel.swift */,
			);
			path = Home;
			sourceTree = "<group>";
		};
		719BEE6F2BE968420075B264 /* Views */ = {
			isa = PBXGroup;
			children = (
				719BEEA62BE992510075B264 /* SearchBarView */,
				719BEE702BE968470075B264 /* CocktailView */,
			);
			path = Views;
			sourceTree = "<group>";
		};
		719BEE702BE968470075B264 /* CocktailView */ = {
			isa = PBXGroup;
			children = (
				719BEE712BE968530075B264 /* CocktailView.swift */,
				719BEE732BE9685A0075B264 /* CocktailViewModel.swift */,
			);
			path = CocktailView;
			sourceTree = "<group>";
		};
		719BEE782BE97E460075B264 /* API */ = {
			isa = PBXGroup;
			children = (
				719BEE7B2BE97E550075B264 /* Models */,
				719BEE7A2BE97E4E0075B264 /* Services */,
				719BEE792BE97E4A0075B264 /* Base */,
			);
			path = API;
			sourceTree = "<group>";
		};
		719BEE792BE97E4A0075B264 /* Base */ = {
			isa = PBXGroup;
			children = (
				719BEE7C2BE97E700075B264 /* APIClient.swift */,
				719BEE812BE97E9F0075B264 /* APIRequest.swift */,
				719BEE832BE97FD40075B264 /* AuthenticationType.swift */,
				719BEE852BE97FEA0075B264 /* ContentType.swift */,
				719BEE872BE97FF90075B264 /* Endpoint.swift */,
				719BEE892BE980040075B264 /* NetworkConstants.swift */,
			);
			path = Base;
			sourceTree = "<group>";
		};
		719BEE7A2BE97E4E0075B264 /* Services */ = {
			isa = PBXGroup;
			children = (
				719BEE932BE9845B0075B264 /* Requests */,
				719BEE912BE984050075B264 /* CocktailService.swift */,
			);
			path = Services;
			sourceTree = "<group>";
		};
		719BEE7B2BE97E550075B264 /* Models */ = {
			isa = PBXGroup;
			children = (
				719BEE992BE986A90075B264 /* Drinks */,
				719BEE962BE9867F0075B264 /* Basic */,
			);
			path = Models;
			sourceTree = "<group>";
		};
		719BEE932BE9845B0075B264 /* Requests */ = {
			isa = PBXGroup;
			children = (
				719BEE942BE9846B0075B264 /* SearchCocktailsRequest.swift */,
				719BEEBD2BEA16690075B264 /* GetCocktailDetailsRequest.swift */,
				719BEEC82BEAC7D30075B264 /* GetRandomCocktailDetailsRequest.swift */,
				719BEED32BEB5EEB0075B264 /* GetAlcoholicFiltersRequest.swift */,
				719BEEE62BEB6F150075B264 /* GetCategoryFiltersRequest.swift */,
				719BEEE82BEB6F1D0075B264 /* GetGlassFiltersRequest.swift */,
			);
			path = Requests;
			sourceTree = "<group>";
		};
		719BEE962BE9867F0075B264 /* Basic */ = {
			isa = PBXGroup;
			children = (
				719BEE8D2BE9820B0075B264 /* Response.swift */,
				719BEE8B2BE981FF0075B264 /* Model.swift */,
				719BEE972BE986890075B264 /* APIError.swift */,
			);
			path = Basic;
			sourceTree = "<group>";
		};
		719BEE992BE986A90075B264 /* Drinks */ = {
			isa = PBXGroup;
			children = (
				719BEE8F2BE982200075B264 /* Drink.swift */,
				719BEED12BEB5D9A0075B264 /* AlcoholicFilter.swift */,
				719BEEE22BEB6E7E0075B264 /* CategoryFilter.swift */,
				719BEEE42BEB6E830075B264 /* GlassFilter.swift */,
			);
			path = Drinks;
			sourceTree = "<group>";
		};
		719BEE9A2BE987380075B264 /* Extensions */ = {
			isa = PBXGroup;
			children = (
				719BEEA32BE98D060075B264 /* SwiftUI */,
				719BEE9B2BE987490075B264 /* Foundation */,
			);
			path = Extensions;
			sourceTree = "<group>";
		};
		719BEE9B2BE987490075B264 /* Foundation */ = {
			isa = PBXGroup;
			children = (
				719BEE9C2BE9874F0075B264 /* URL+.swift */,
				719BEE9E2BE987550075B264 /* Encodable+.swift */,
				719BEEB22BEA0A980075B264 /* Decodable+.swift */,
				719BEEB42BEA0BBD0075B264 /* DateFormatter+.swift */,
				719BEEB62BEA0D440075B264 /* Date+.swift */,
				719BEEB82BEA0DE40075B264 /* String+Localization.swift */,
				719BEEC42BEA4E0E0075B264 /* String+.swift */,
				719BEEC62BEA5A940075B264 /* Dictionary+.swift */,
				719BEEEA2BEB79FF0075B264 /* Optional+.swift */,
			);
			path = Foundation;
			sourceTree = "<group>";
		};
		719BEEA32BE98D060075B264 /* SwiftUI */ = {
			isa = PBXGroup;
			children = (
				719BEEA42BE98D0C0075B264 /* Color+.swift */,
			);
			path = SwiftUI;
			sourceTree = "<group>";
		};
		719BEEA62BE992510075B264 /* SearchBarView */ = {
			isa = PBXGroup;
			children = (
				719BEEA72BE9925A0075B264 /* SearchBarView.swift */,
			);
			path = SearchBarView;
			sourceTree = "<group>";
		};
		719BEEAB2BEA09330075B264 /* CocktailDetails */ = {
			isa = PBXGroup;
			children = (
				719BEEBF2BEA186C0075B264 /* Views */,
				719BEEBA2BEA11E20075B264 /* Models */,
				719BEEAC2BEA09430075B264 /* CocktailDetailsView.swift */,
				719BEEAE2BEA094A0075B264 /* CocktailDetailsViewModel.swift */,
				719BEEB02BEA097A0075B264 /* CocktailDetailsContext.swift */,
			);
			path = CocktailDetails;
			sourceTree = "<group>";
		};
		719BEEBA2BEA11E20075B264 /* Models */ = {
			isa = PBXGroup;
			children = (
				719BEEBB2BEA11EB0075B264 /* CocktailDetailsFetchType.swift */,
			);
			path = Models;
			sourceTree = "<group>";
		};
		719BEEBF2BEA186C0075B264 /* Views */ = {
			isa = PBXGroup;
			children = (
				719BEEC02BEA18770075B264 /* IconTitleView.swift */,
				719BEEC22BEA187B0075B264 /* IconTitleViewModel.swift */,
			);
			path = Views;
			sourceTree = "<group>";
		};
		719BEECA2BEAD7BC0075B264 /* Filters */ = {
			isa = PBXGroup;
			children = (
				719BEEDC2BEB62360075B264 /* Views */,
				719BEED52BEB61EF0075B264 /* Models */,
				719BEECD2BEAD7E10075B264 /* FiltersView.swift */,
				719BEECF2BEB59640075B264 /* FiltersViewModel.swift */,
			);
			path = Filters;
			sourceTree = "<group>";
		};
		719BEED52BEB61EF0075B264 /* Models */ = {
			isa = PBXGroup;
			children = (
				719BEED62BEB61F70075B264 /* FiltersCellType.swift */,
				719BEEDA2BEB62020075B264 /* FiltersSection.swift */,
				719BEED82BEB61FE0075B264 /* FiltersSectionType.swift */,
			);
			path = Models;
			sourceTree = "<group>";
		};
		719BEEDC2BEB62360075B264 /* Views */ = {
			isa = PBXGroup;
			children = (
				719BEEDD2BEB623C0075B264 /* FilterView */,
			);
			path = Views;
			sourceTree = "<group>";
		};
		719BEEDD2BEB623C0075B264 /* FilterView */ = {
			isa = PBXGroup;
			children = (
				719BEEDE2BEB62460075B264 /* FilterViewModel.swift */,
				719BEEE02BEB62490075B264 /* FilterView.swift */,
			);
			path = FilterView;
			sourceTree = "<group>";
		};
		719BEEEC2BECBBD10075B264 /* Views */ = {
			isa = PBXGroup;
			children = (
				719BEEED2BECBBD90075B264 /* LoadingView */,
			);
			path = Views;
			sourceTree = "<group>";
		};
		719BEEED2BECBBD90075B264 /* LoadingView */ = {
			isa = PBXGroup;
			children = (
				719BEEF02BECBBEC0075B264 /* LoadingView.swift */,
			);
			path = LoadingView;
			sourceTree = "<group>";
		};
/* End PBXGroup section */

/* Begin PBXNativeTarget section */
		719BEE362BE966B20075B264 /* Cocktails */ = {
			isa = PBXNativeTarget;
			buildConfigurationList = 719BEE5B2BE966B40075B264 /* Build configuration list for PBXNativeTarget "Cocktails" */;
			buildPhases = (
				719BEE332BE966B20075B264 /* Sources */,
				719BEE342BE966B20075B264 /* Frameworks */,
				719BEE352BE966B20075B264 /* Resources */,
			);
			buildRules = (
			);
			dependencies = (
			);
			name = Cocktails;
			packageProductDependencies = (
				719BEE762BE969F00075B264 /* Kingfisher */,
				719BEE7F2BE97E920075B264 /* Alamofire */,
				719BEEA12BE989760075B264 /* CombineExt */,
			);
			productName = Cocktails;
			productReference = 719BEE372BE966B20075B264 /* Cocktails.app */;
			productType = "com.apple.product-type.application";
		};
		719BEE462BE966B40075B264 /* CocktailsTests */ = {
			isa = PBXNativeTarget;
			buildConfigurationList = 719BEE5E2BE966B40075B264 /* Build configuration list for PBXNativeTarget "CocktailsTests" */;
			buildPhases = (
				719BEE432BE966B40075B264 /* Sources */,
				719BEE442BE966B40075B264 /* Frameworks */,
				719BEE452BE966B40075B264 /* Resources */,
			);
			buildRules = (
			);
			dependencies = (
				719BEE492BE966B40075B264 /* PBXTargetDependency */,
			);
			name = CocktailsTests;
			productName = CocktailsTests;
			productReference = 719BEE472BE966B40075B264 /* CocktailsTests.xctest */;
			productType = "com.apple.product-type.bundle.unit-test";
		};
		719BEE502BE966B40075B264 /* CocktailsUITests */ = {
			isa = PBXNativeTarget;
			buildConfigurationList = 719BEE612BE966B40075B264 /* Build configuration list for PBXNativeTarget "CocktailsUITests" */;
			buildPhases = (
				719BEE4D2BE966B40075B264 /* Sources */,
				719BEE4E2BE966B40075B264 /* Frameworks */,
				719BEE4F2BE966B40075B264 /* Resources */,
			);
			buildRules = (
			);
			dependencies = (
				719BEE532BE966B40075B264 /* PBXTargetDependency */,
			);
			name = CocktailsUITests;
			productName = CocktailsUITests;
			productReference = 719BEE512BE966B40075B264 /* CocktailsUITests.xctest */;
			productType = "com.apple.product-type.bundle.ui-testing";
		};
/* End PBXNativeTarget section */

/* Begin PBXProject section */
		719BEE2F2BE966B20075B264 /* Project object */ = {
			isa = PBXProject;
			attributes = {
				BuildIndependentTargetsInParallel = 1;
				LastSwiftUpdateCheck = 1520;
				LastUpgradeCheck = 1520;
				TargetAttributes = {
					719BEE362BE966B20075B264 = {
						CreatedOnToolsVersion = 15.2;
					};
					719BEE462BE966B40075B264 = {
						CreatedOnToolsVersion = 15.2;
						TestTargetID = 719BEE362BE966B20075B264;
					};
					719BEE502BE966B40075B264 = {
						CreatedOnToolsVersion = 15.2;
						TestTargetID = 719BEE362BE966B20075B264;
					};
				};
			};
			buildConfigurationList = 719BEE322BE966B20075B264 /* Build configuration list for PBXProject "Cocktails" */;
			compatibilityVersion = "Xcode 14.0";
			developmentRegion = en;
			hasScannedForEncodings = 0;
			knownRegions = (
				en,
				Base,
			);
			mainGroup = 719BEE2E2BE966B20075B264;
			packageReferences = (
				719BEE752BE969F00075B264 /* XCRemoteSwiftPackageReference "Kingfisher" */,
				719BEE7E2BE97E920075B264 /* XCRemoteSwiftPackageReference "Alamofire" */,
				719BEEA02BE989760075B264 /* XCRemoteSwiftPackageReference "CombineExt" */,
			);
			productRefGroup = 719BEE382BE966B20075B264 /* Products */;
			projectDirPath = "";
			projectRoot = "";
			targets = (
				719BEE362BE966B20075B264 /* Cocktails */,
				719BEE462BE966B40075B264 /* CocktailsTests */,
				719BEE502BE966B40075B264 /* CocktailsUITests */,
			);
		};
/* End PBXProject section */

/* Begin PBXResourcesBuildPhase section */
		719BEE352BE966B20075B264 /* Resources */ = {
			isa = PBXResourcesBuildPhase;
			buildActionMask = 2147483647;
			files = (
				719BEE422BE966B40075B264 /* Preview Assets.xcassets in Resources */,
				719BEE692BE967640075B264 /* Localizable.strings in Resources */,
				719BEE3F2BE966B40075B264 /* Assets.xcassets in Resources */,
			);
			runOnlyForDeploymentPostprocessing = 0;
		};
		719BEE452BE966B40075B264 /* Resources */ = {
			isa = PBXResourcesBuildPhase;
			buildActionMask = 2147483647;
			files = (
			);
			runOnlyForDeploymentPostprocessing = 0;
		};
		719BEE4F2BE966B40075B264 /* Resources */ = {
			isa = PBXResourcesBuildPhase;
			buildActionMask = 2147483647;
			files = (
			);
			runOnlyForDeploymentPostprocessing = 0;
		};
/* End PBXResourcesBuildPhase section */

/* Begin PBXSourcesBuildPhase section */
		719BEE332BE966B20075B264 /* Sources */ = {
			isa = PBXSourcesBuildPhase;
			buildActionMask = 2147483647;
			files = (
				719BEECE2BEAD7E10075B264 /* FiltersView.swift in Sources */,
				719BEE3D2BE966B20075B264 /* HomeView.swift in Sources */,
				719BEED72BEB61F70075B264 /* FiltersCellType.swift in Sources */,
				719BEEA52BE98D0C0075B264 /* Color+.swift in Sources */,
				719BEE9D2BE9874F0075B264 /* URL+.swift in Sources */,
				719BEE822BE97E9F0075B264 /* APIRequest.swift in Sources */,
				719BEE8A2BE980040075B264 /* NetworkConstants.swift in Sources */,
				719BEEAD2BEA09430075B264 /* CocktailDetailsView.swift in Sources */,
				719BEE982BE986890075B264 /* APIError.swift in Sources */,
				719BEEB72BEA0D440075B264 /* Date+.swift in Sources */,
				719BEEE72BEB6F150075B264 /* GetCategoryFiltersRequest.swift in Sources */,
				719BEEB92BEA0DE40075B264 /* String+Localization.swift in Sources */,
				719BEED92BEB61FE0075B264 /* FiltersSectionType.swift in Sources */,
				719BEE8C2BE981FF0075B264 /* Model.swift in Sources */,
				719BEEE12BEB62490075B264 /* FilterView.swift in Sources */,
				719BEEEB2BEB79FF0075B264 /* Optional+.swift in Sources */,
				719BEE6E2BE967970075B264 /* HomeViewModel.swift in Sources */,
				719BEED22BEB5D9A0075B264 /* AlcoholicFilter.swift in Sources */,
				719BEEC72BEA5A940075B264 /* Dictionary+.swift in Sources */,
				719BEEBC2BEA11EB0075B264 /* CocktailDetailsFetchType.swift in Sources */,
				719BEE722BE968530075B264 /* CocktailView.swift in Sources */,
				719BEEE52BEB6E830075B264 /* GlassFilter.swift in Sources */,
				719BEE882BE97FF90075B264 /* Endpoint.swift in Sources */,
				719BEEC52BEA4E0E0075B264 /* String+.swift in Sources */,
				719BEEA82BE9925A0075B264 /* SearchBarView.swift in Sources */,
				719BEEBE2BEA16690075B264 /* GetCocktailDetailsRequest.swift in Sources */,
				719BEE8E2BE9820B0075B264 /* Response.swift in Sources */,
				719BEEB12BEA097A0075B264 /* CocktailDetailsContext.swift in Sources */,
				719BEEAF2BEA094A0075B264 /* CocktailDetailsViewModel.swift in Sources */,
				719BEED02BEB59640075B264 /* FiltersViewModel.swift in Sources */,
				719BEEAA2BE992DB0075B264 /* Assets.swift in Sources */,
				719BEEC12BEA18770075B264 /* IconTitleView.swift in Sources */,
				719BEE742BE9685A0075B264 /* CocktailViewModel.swift in Sources */,
				719BEEB32BEA0A980075B264 /* Decodable+.swift in Sources */,
				719BEEDF2BEB62460075B264 /* FilterViewModel.swift in Sources */,
				719BEEE92BEB6F1D0075B264 /* GetGlassFiltersRequest.swift in Sources */,
				719BEEDB2BEB62020075B264 /* FiltersSection.swift in Sources */,
				719BEE842BE97FD40075B264 /* AuthenticationType.swift in Sources */,
				719BEEF12BECBBEC0075B264 /* LoadingView.swift in Sources */,
				719BEE952BE9846B0075B264 /* SearchCocktailsRequest.swift in Sources */,
				719BEE3B2BE966B20075B264 /* CocktailsApp.swift in Sources */,
				719BEEB52BEA0BBD0075B264 /* DateFormatter+.swift in Sources */,
				719BEEE32BEB6E7E0075B264 /* CategoryFilter.swift in Sources */,
				719BEE9F2BE987550075B264 /* Encodable+.swift in Sources */,
				719BEEC92BEAC7D30075B264 /* GetRandomCocktailDetailsRequest.swift in Sources */,
				719BEE7D2BE97E700075B264 /* APIClient.swift in Sources */,
				719BEE902BE982200075B264 /* Drink.swift in Sources */,
				719BEE862BE97FEA0075B264 /* ContentType.swift in Sources */,
				719BEED42BEB5EEB0075B264 /* GetAlcoholicFiltersRequest.swift in Sources */,
				719BEE922BE984050075B264 /* CocktailService.swift in Sources */,
				719BEEC32BEA187B0075B264 /* IconTitleViewModel.swift in Sources */,
			);
			runOnlyForDeploymentPostprocessing = 0;
		};
		719BEE432BE966B40075B264 /* Sources */ = {
			isa = PBXSourcesBuildPhase;
			buildActionMask = 2147483647;
			files = (
				719BEE4C2BE966B40075B264 /* CocktailsTests.swift in Sources */,
			);
			runOnlyForDeploymentPostprocessing = 0;
		};
		719BEE4D2BE966B40075B264 /* Sources */ = {
			isa = PBXSourcesBuildPhase;
			buildActionMask = 2147483647;
			files = (
				719BEE582BE966B40075B264 /* CocktailsUITestsLaunchTests.swift in Sources */,
				719BEE562BE966B40075B264 /* CocktailsUITests.swift in Sources */,
			);
			runOnlyForDeploymentPostprocessing = 0;
		};
/* End PBXSourcesBuildPhase section */

/* Begin PBXTargetDependency section */
		719BEE492BE966B40075B264 /* PBXTargetDependency */ = {
			isa = PBXTargetDependency;
			target = 719BEE362BE966B20075B264 /* Cocktails */;
			targetProxy = 719BEE482BE966B40075B264 /* PBXContainerItemProxy */;
		};
		719BEE532BE966B40075B264 /* PBXTargetDependency */ = {
			isa = PBXTargetDependency;
			target = 719BEE362BE966B20075B264 /* Cocktails */;
			targetProxy = 719BEE522BE966B40075B264 /* PBXContainerItemProxy */;
		};
/* End PBXTargetDependency section */

/* Begin PBXVariantGroup section */
		719BEE6B2BE967640075B264 /* Localizable.strings */ = {
			isa = PBXVariantGroup;
			children = (
				719BEE6A2BE967640075B264 /* en */,
			);
			name = Localizable.strings;
			sourceTree = "<group>";
		};
/* End PBXVariantGroup section */

/* Begin XCBuildConfiguration section */
		719BEE592BE966B40075B264 /* Debug */ = {
			isa = XCBuildConfiguration;
			buildSettings = {
				ALWAYS_SEARCH_USER_PATHS = NO;
				ASSETCATALOG_COMPILER_GENERATE_SWIFT_ASSET_SYMBOL_EXTENSIONS = YES;
				CLANG_ANALYZER_NONNULL = YES;
				CLANG_ANALYZER_NUMBER_OBJECT_CONVERSION = YES_AGGRESSIVE;
				CLANG_CXX_LANGUAGE_STANDARD = "gnu++20";
				CLANG_ENABLE_MODULES = YES;
				CLANG_ENABLE_OBJC_ARC = YES;
				CLANG_ENABLE_OBJC_WEAK = YES;
				CLANG_WARN_BLOCK_CAPTURE_AUTORELEASING = YES;
				CLANG_WARN_BOOL_CONVERSION = YES;
				CLANG_WARN_COMMA = YES;
				CLANG_WARN_CONSTANT_CONVERSION = YES;
				CLANG_WARN_DEPRECATED_OBJC_IMPLEMENTATIONS = YES;
				CLANG_WARN_DIRECT_OBJC_ISA_USAGE = YES_ERROR;
				CLANG_WARN_DOCUMENTATION_COMMENTS = YES;
				CLANG_WARN_EMPTY_BODY = YES;
				CLANG_WARN_ENUM_CONVERSION = YES;
				CLANG_WARN_INFINITE_RECURSION = YES;
				CLANG_WARN_INT_CONVERSION = YES;
				CLANG_WARN_NON_LITERAL_NULL_CONVERSION = YES;
				CLANG_WARN_OBJC_IMPLICIT_RETAIN_SELF = YES;
				CLANG_WARN_OBJC_LITERAL_CONVERSION = YES;
				CLANG_WARN_OBJC_ROOT_CLASS = YES_ERROR;
				CLANG_WARN_QUOTED_INCLUDE_IN_FRAMEWORK_HEADER = YES;
				CLANG_WARN_RANGE_LOOP_ANALYSIS = YES;
				CLANG_WARN_STRICT_PROTOTYPES = YES;
				CLANG_WARN_SUSPICIOUS_MOVE = YES;
				CLANG_WARN_UNGUARDED_AVAILABILITY = YES_AGGRESSIVE;
				CLANG_WARN_UNREACHABLE_CODE = YES;
				CLANG_WARN__DUPLICATE_METHOD_MATCH = YES;
				COPY_PHASE_STRIP = NO;
				DEBUG_INFORMATION_FORMAT = dwarf;
				ENABLE_STRICT_OBJC_MSGSEND = YES;
				ENABLE_TESTABILITY = YES;
				ENABLE_USER_SCRIPT_SANDBOXING = YES;
				GCC_C_LANGUAGE_STANDARD = gnu17;
				GCC_DYNAMIC_NO_PIC = NO;
				GCC_NO_COMMON_BLOCKS = YES;
				GCC_OPTIMIZATION_LEVEL = 0;
				GCC_PREPROCESSOR_DEFINITIONS = (
					"DEBUG=1",
					"$(inherited)",
				);
				GCC_WARN_64_TO_32_BIT_CONVERSION = YES;
				GCC_WARN_ABOUT_RETURN_TYPE = YES_ERROR;
				GCC_WARN_UNDECLARED_SELECTOR = YES;
				GCC_WARN_UNINITIALIZED_AUTOS = YES_AGGRESSIVE;
				GCC_WARN_UNUSED_FUNCTION = YES;
				GCC_WARN_UNUSED_VARIABLE = YES;
				IPHONEOS_DEPLOYMENT_TARGET = 17.2;
				LOCALIZATION_PREFERS_STRING_CATALOGS = YES;
				MTL_ENABLE_DEBUG_INFO = INCLUDE_SOURCE;
				MTL_FAST_MATH = YES;
				ONLY_ACTIVE_ARCH = YES;
				SDKROOT = iphoneos;
				SWIFT_ACTIVE_COMPILATION_CONDITIONS = "DEBUG $(inherited)";
				SWIFT_OPTIMIZATION_LEVEL = "-Onone";
			};
			name = Debug;
		};
		719BEE5A2BE966B40075B264 /* Release */ = {
			isa = XCBuildConfiguration;
			buildSettings = {
				ALWAYS_SEARCH_USER_PATHS = NO;
				ASSETCATALOG_COMPILER_GENERATE_SWIFT_ASSET_SYMBOL_EXTENSIONS = YES;
				CLANG_ANALYZER_NONNULL = YES;
				CLANG_ANALYZER_NUMBER_OBJECT_CONVERSION = YES_AGGRESSIVE;
				CLANG_CXX_LANGUAGE_STANDARD = "gnu++20";
				CLANG_ENABLE_MODULES = YES;
				CLANG_ENABLE_OBJC_ARC = YES;
				CLANG_ENABLE_OBJC_WEAK = YES;
				CLANG_WARN_BLOCK_CAPTURE_AUTORELEASING = YES;
				CLANG_WARN_BOOL_CONVERSION = YES;
				CLANG_WARN_COMMA = YES;
				CLANG_WARN_CONSTANT_CONVERSION = YES;
				CLANG_WARN_DEPRECATED_OBJC_IMPLEMENTATIONS = YES;
				CLANG_WARN_DIRECT_OBJC_ISA_USAGE = YES_ERROR;
				CLANG_WARN_DOCUMENTATION_COMMENTS = YES;
				CLANG_WARN_EMPTY_BODY = YES;
				CLANG_WARN_ENUM_CONVERSION = YES;
				CLANG_WARN_INFINITE_RECURSION = YES;
				CLANG_WARN_INT_CONVERSION = YES;
				CLANG_WARN_NON_LITERAL_NULL_CONVERSION = YES;
				CLANG_WARN_OBJC_IMPLICIT_RETAIN_SELF = YES;
				CLANG_WARN_OBJC_LITERAL_CONVERSION = YES;
				CLANG_WARN_OBJC_ROOT_CLASS = YES_ERROR;
				CLANG_WARN_QUOTED_INCLUDE_IN_FRAMEWORK_HEADER = YES;
				CLANG_WARN_RANGE_LOOP_ANALYSIS = YES;
				CLANG_WARN_STRICT_PROTOTYPES = YES;
				CLANG_WARN_SUSPICIOUS_MOVE = YES;
				CLANG_WARN_UNGUARDED_AVAILABILITY = YES_AGGRESSIVE;
				CLANG_WARN_UNREACHABLE_CODE = YES;
				CLANG_WARN__DUPLICATE_METHOD_MATCH = YES;
				COPY_PHASE_STRIP = NO;
				DEBUG_INFORMATION_FORMAT = "dwarf-with-dsym";
				ENABLE_NS_ASSERTIONS = NO;
				ENABLE_STRICT_OBJC_MSGSEND = YES;
				ENABLE_USER_SCRIPT_SANDBOXING = YES;
				GCC_C_LANGUAGE_STANDARD = gnu17;
				GCC_NO_COMMON_BLOCKS = YES;
				GCC_WARN_64_TO_32_BIT_CONVERSION = YES;
				GCC_WARN_ABOUT_RETURN_TYPE = YES_ERROR;
				GCC_WARN_UNDECLARED_SELECTOR = YES;
				GCC_WARN_UNINITIALIZED_AUTOS = YES_AGGRESSIVE;
				GCC_WARN_UNUSED_FUNCTION = YES;
				GCC_WARN_UNUSED_VARIABLE = YES;
				IPHONEOS_DEPLOYMENT_TARGET = 17.2;
				LOCALIZATION_PREFERS_STRING_CATALOGS = YES;
				MTL_ENABLE_DEBUG_INFO = NO;
				MTL_FAST_MATH = YES;
				SDKROOT = iphoneos;
				SWIFT_COMPILATION_MODE = wholemodule;
				VALIDATE_PRODUCT = YES;
			};
			name = Release;
		};
		719BEE5C2BE966B40075B264 /* Debug */ = {
			isa = XCBuildConfiguration;
			buildSettings = {
				ASSETCATALOG_COMPILER_APPICON_NAME = AppIcon;
				ASSETCATALOG_COMPILER_GLOBAL_ACCENT_COLOR_NAME = AccentColor;
				CODE_SIGN_STYLE = Automatic;
				CURRENT_PROJECT_VERSION = 1;
				DEVELOPMENT_ASSET_PATHS = "\"Cocktails/Resources/Preview Content\"";
				DEVELOPMENT_TEAM = D2X79FY398;
				ENABLE_PREVIEWS = YES;
				GENERATE_INFOPLIST_FILE = YES;
				INFOPLIST_KEY_UIApplicationSceneManifest_Generation = YES;
				INFOPLIST_KEY_UIApplicationSupportsIndirectInputEvents = YES;
				INFOPLIST_KEY_UILaunchScreen_Generation = YES;
				INFOPLIST_KEY_UISupportedInterfaceOrientations_iPad = "UIInterfaceOrientationPortrait UIInterfaceOrientationPortraitUpsideDown UIInterfaceOrientationLandscapeLeft UIInterfaceOrientationLandscapeRight";
				INFOPLIST_KEY_UISupportedInterfaceOrientations_iPhone = "UIInterfaceOrientationPortrait UIInterfaceOrientationLandscapeLeft UIInterfaceOrientationLandscapeRight";
				LD_RUNPATH_SEARCH_PATHS = (
					"$(inherited)",
					"@executable_path/Frameworks",
				);
				MARKETING_VERSION = 1.0;
				PRODUCT_BUNDLE_IDENTIFIER = org.hernaus.Cocktails;
				PRODUCT_NAME = "$(TARGET_NAME)";
				SWIFT_EMIT_LOC_STRINGS = YES;
				SWIFT_VERSION = 5.0;
				TARGETED_DEVICE_FAMILY = "1,2";
			};
			name = Debug;
		};
		719BEE5D2BE966B40075B264 /* Release */ = {
			isa = XCBuildConfiguration;
			buildSettings = {
				ASSETCATALOG_COMPILER_APPICON_NAME = AppIcon;
				ASSETCATALOG_COMPILER_GLOBAL_ACCENT_COLOR_NAME = AccentColor;
				CODE_SIGN_STYLE = Automatic;
				CURRENT_PROJECT_VERSION = 1;
				DEVELOPMENT_ASSET_PATHS = "\"Cocktails/Resources/Preview Content\"";
				DEVELOPMENT_TEAM = D2X79FY398;
				ENABLE_PREVIEWS = YES;
				GENERATE_INFOPLIST_FILE = YES;
				INFOPLIST_KEY_UIApplicationSceneManifest_Generation = YES;
				INFOPLIST_KEY_UIApplicationSupportsIndirectInputEvents = YES;
				INFOPLIST_KEY_UILaunchScreen_Generation = YES;
				INFOPLIST_KEY_UISupportedInterfaceOrientations_iPad = "UIInterfaceOrientationPortrait UIInterfaceOrientationPortraitUpsideDown UIInterfaceOrientationLandscapeLeft UIInterfaceOrientationLandscapeRight";
				INFOPLIST_KEY_UISupportedInterfaceOrientations_iPhone = "UIInterfaceOrientationPortrait UIInterfaceOrientationLandscapeLeft UIInterfaceOrientationLandscapeRight";
				LD_RUNPATH_SEARCH_PATHS = (
					"$(inherited)",
					"@executable_path/Frameworks",
				);
				MARKETING_VERSION = 1.0;
				PRODUCT_BUNDLE_IDENTIFIER = org.hernaus.Cocktails;
				PRODUCT_NAME = "$(TARGET_NAME)";
				SWIFT_EMIT_LOC_STRINGS = YES;
				SWIFT_VERSION = 5.0;
				TARGETED_DEVICE_FAMILY = "1,2";
			};
			name = Release;
		};
		719BEE5F2BE966B40075B264 /* Debug */ = {
			isa = XCBuildConfiguration;
			buildSettings = {
				ALWAYS_EMBED_SWIFT_STANDARD_LIBRARIES = YES;
				BUNDLE_LOADER = "$(TEST_HOST)";
				CODE_SIGN_STYLE = Automatic;
				CURRENT_PROJECT_VERSION = 1;
				DEVELOPMENT_TEAM = D2X79FY398;
				GENERATE_INFOPLIST_FILE = YES;
				IPHONEOS_DEPLOYMENT_TARGET = 17.2;
				MARKETING_VERSION = 1.0;
				PRODUCT_BUNDLE_IDENTIFIER = org.hernaus.CocktailsTests;
				PRODUCT_NAME = "$(TARGET_NAME)";
				SWIFT_EMIT_LOC_STRINGS = NO;
				SWIFT_VERSION = 5.0;
				TARGETED_DEVICE_FAMILY = "1,2";
				TEST_HOST = "$(BUILT_PRODUCTS_DIR)/Cocktails.app/$(BUNDLE_EXECUTABLE_FOLDER_PATH)/Cocktails";
			};
			name = Debug;
		};
		719BEE602BE966B40075B264 /* Release */ = {
			isa = XCBuildConfiguration;
			buildSettings = {
				ALWAYS_EMBED_SWIFT_STANDARD_LIBRARIES = YES;
				BUNDLE_LOADER = "$(TEST_HOST)";
				CODE_SIGN_STYLE = Automatic;
				CURRENT_PROJECT_VERSION = 1;
				DEVELOPMENT_TEAM = D2X79FY398;
				GENERATE_INFOPLIST_FILE = YES;
				IPHONEOS_DEPLOYMENT_TARGET = 17.2;
				MARKETING_VERSION = 1.0;
				PRODUCT_BUNDLE_IDENTIFIER = org.hernaus.CocktailsTests;
				PRODUCT_NAME = "$(TARGET_NAME)";
				SWIFT_EMIT_LOC_STRINGS = NO;
				SWIFT_VERSION = 5.0;
				TARGETED_DEVICE_FAMILY = "1,2";
				TEST_HOST = "$(BUILT_PRODUCTS_DIR)/Cocktails.app/$(BUNDLE_EXECUTABLE_FOLDER_PATH)/Cocktails";
			};
			name = Release;
		};
		719BEE622BE966B40075B264 /* Debug */ = {
			isa = XCBuildConfiguration;
			buildSettings = {
				ALWAYS_EMBED_SWIFT_STANDARD_LIBRARIES = YES;
				CODE_SIGN_STYLE = Automatic;
				CURRENT_PROJECT_VERSION = 1;
				DEVELOPMENT_TEAM = D2X79FY398;
				GENERATE_INFOPLIST_FILE = YES;
				MARKETING_VERSION = 1.0;
				PRODUCT_BUNDLE_IDENTIFIER = org.hernaus.CocktailsUITests;
				PRODUCT_NAME = "$(TARGET_NAME)";
				SWIFT_EMIT_LOC_STRINGS = NO;
				SWIFT_VERSION = 5.0;
				TARGETED_DEVICE_FAMILY = "1,2";
				TEST_TARGET_NAME = Cocktails;
			};
			name = Debug;
		};
		719BEE632BE966B40075B264 /* Release */ = {
			isa = XCBuildConfiguration;
			buildSettings = {
				ALWAYS_EMBED_SWIFT_STANDARD_LIBRARIES = YES;
				CODE_SIGN_STYLE = Automatic;
				CURRENT_PROJECT_VERSION = 1;
				DEVELOPMENT_TEAM = D2X79FY398;
				GENERATE_INFOPLIST_FILE = YES;
				MARKETING_VERSION = 1.0;
				PRODUCT_BUNDLE_IDENTIFIER = org.hernaus.CocktailsUITests;
				PRODUCT_NAME = "$(TARGET_NAME)";
				SWIFT_EMIT_LOC_STRINGS = NO;
				SWIFT_VERSION = 5.0;
				TARGETED_DEVICE_FAMILY = "1,2";
				TEST_TARGET_NAME = Cocktails;
			};
			name = Release;
		};
/* End XCBuildConfiguration section */

/* Begin XCConfigurationList section */
		719BEE322BE966B20075B264 /* Build configuration list for PBXProject "Cocktails" */ = {
			isa = XCConfigurationList;
			buildConfigurations = (
				719BEE592BE966B40075B264 /* Debug */,
				719BEE5A2BE966B40075B264 /* Release */,
			);
			defaultConfigurationIsVisible = 0;
			defaultConfigurationName = Release;
		};
		719BEE5B2BE966B40075B264 /* Build configuration list for PBXNativeTarget "Cocktails" */ = {
			isa = XCConfigurationList;
			buildConfigurations = (
				719BEE5C2BE966B40075B264 /* Debug */,
				719BEE5D2BE966B40075B264 /* Release */,
			);
			defaultConfigurationIsVisible = 0;
			defaultConfigurationName = Release;
		};
		719BEE5E2BE966B40075B264 /* Build configuration list for PBXNativeTarget "CocktailsTests" */ = {
			isa = XCConfigurationList;
			buildConfigurations = (
				719BEE5F2BE966B40075B264 /* Debug */,
				719BEE602BE966B40075B264 /* Release */,
			);
			defaultConfigurationIsVisible = 0;
			defaultConfigurationName = Release;
		};
		719BEE612BE966B40075B264 /* Build configuration list for PBXNativeTarget "CocktailsUITests" */ = {
			isa = XCConfigurationList;
			buildConfigurations = (
				719BEE622BE966B40075B264 /* Debug */,
				719BEE632BE966B40075B264 /* Release */,
			);
			defaultConfigurationIsVisible = 0;
			defaultConfigurationName = Release;
		};
/* End XCConfigurationList section */

/* Begin XCRemoteSwiftPackageReference section */
		719BEE752BE969F00075B264 /* XCRemoteSwiftPackageReference "Kingfisher" */ = {
			isa = XCRemoteSwiftPackageReference;
			repositoryURL = "https://github.com/onevcat/Kingfisher.git";
			requirement = {
				kind = upToNextMajorVersion;
				minimumVersion = 7.0.0;
			};
		};
		719BEE7E2BE97E920075B264 /* XCRemoteSwiftPackageReference "Alamofire" */ = {
			isa = XCRemoteSwiftPackageReference;
			repositoryURL = "https://github.com/Alamofire/Alamofire.git";
			requirement = {
				kind = upToNextMajorVersion;
				minimumVersion = 5.9.1;
			};
		};
		719BEEA02BE989760075B264 /* XCRemoteSwiftPackageReference "CombineExt" */ = {
			isa = XCRemoteSwiftPackageReference;
			repositoryURL = "https://github.com/CombineCommunity/CombineExt.git";
			requirement = {
				kind = upToNextMajorVersion;
				minimumVersion = 1.0.0;
			};
		};
/* End XCRemoteSwiftPackageReference section */

/* Begin XCSwiftPackageProductDependency section */
		719BEE762BE969F00075B264 /* Kingfisher */ = {
			isa = XCSwiftPackageProductDependency;
			package = 719BEE752BE969F00075B264 /* XCRemoteSwiftPackageReference "Kingfisher" */;
			productName = Kingfisher;
		};
		719BEE7F2BE97E920075B264 /* Alamofire */ = {
			isa = XCSwiftPackageProductDependency;
			package = 719BEE7E2BE97E920075B264 /* XCRemoteSwiftPackageReference "Alamofire" */;
			productName = Alamofire;
		};
		719BEEA12BE989760075B264 /* CombineExt */ = {
			isa = XCSwiftPackageProductDependency;
			package = 719BEEA02BE989760075B264 /* XCRemoteSwiftPackageReference "CombineExt" */;
			productName = CombineExt;
		};
/* End XCSwiftPackageProductDependency section */
	};
	rootObject = 719BEE2F2BE966B20075B264 /* Project object */;
}
